
Microsoft Visual Studio Solution File, Format Version 12.00
# Visual Studio Version 17
VisualStudioVersion = 17.14.36429.23 d17.14
MinimumVisualStudioVersion = 10.0.40219.1
Project("{C9674DCB-5085-4A16-B785-4C70DD1589BD}") = "Pariwisata_ETL", "Pariwisata_ETL\Pariwisata_ETL.dtproj", "{E769D0E7-E4B2-2E06-278F-83537F841784}"
EndProject
Global
	GlobalSection(SolutionConfigurationPlatforms) = preSolution
		Development|Default = Development|Default
	EndGlobalSection
	GlobalSection(ProjectConfigurationPlatforms) = postSolution
		{E769D0E7-E4B2-2E06-278F-83537F841784}.Development|Default.ActiveCfg = Development
		{E769D0E7-E4B2-2E06-278F-83537F841784}.Development|Default.Build.0 = Development
	EndGlobalSection
	GlobalSection(SolutionProperties) = preSolution
		HideSolutionNode = FALSE
	EndGlobalSection
	GlobalSection(ExtensibilityGlobals) = postSolution
		SolutionGuid = {BAB2D76D-0A12-47AD-A516-E919B547B50D}
	EndGlobalSection
EndGlobal
